
Microsoft Visual Studio Solution File, Format Version 12.00
# Visual Studio Version 17
VisualStudioVersion = 17.4.33110.190
MinimumVisualStudioVersion = 10.0.40219.1
Project("{FAE04EC0-301F-11D3-BF4B-00C04F79EFBC}") = "ChartExample", "ChartExample\ChartExample.csproj", "{369806F6-C99E-41EA-9606-48C8012918CA}"
EndProject
Global
	GlobalSection(SolutionConfigurationPlatforms) = preSolution
		Debug|Any CPU = Debug|Any CPU
		Release|Any CPU = Release|Any CPU
	EndGlobalSection
	GlobalSection(ProjectConfigurationPlatforms) = postSolution
		{369806F6-C99E-41EA-9606-48C8012918CA}.Debug|Any CPU.ActiveCfg = Debug|Any CPU
		{369806F6-C99E-41EA-9606-48C8012918CA}.Debug|Any CPU.Build.0 = Debug|Any CPU
		{369806F6-C99E-41EA-9606-48C8012918CA}.Release|Any CPU.ActiveCfg = Release|Any CPU
		{369806F6-C99E-41EA-9606-48C8012918CA}.Release|Any CPU.Build.0 = Release|Any CPU
	EndGlobalSection
	GlobalSection(SolutionProperties) = preSolution
		HideSolutionNode = FALSE
	EndGlobalSection
	GlobalSection(ExtensibilityGlobals) = postSolution
		SolutionGuid = {3341A6A0-90DC-41BB-93E4-B1CACF8560A3}
	EndGlobalSection
EndGlobal
